
Microsoft Visual Studio Solution File, Format Version 12.00
# Visual Studio Version 16
VisualStudioVersion = 16.0.30804.86
MinimumVisualStudioVersion = 10.0.40219.1
Project("{FAE04EC0-301F-11D3-BF4B-00C04F79EFBC}") = "Dotnet-Core-Scaffolding-MySQL", "Dotnet-Core-Scaffolding-MySQL\Dotnet-Core-Scaffolding-MySQL.csproj", "{CCF51C1F-71C1-4439-B846-AAFF41BA493C}"
EndProject
Global
	GlobalSection(SolutionConfigurationPlatforms) = preSolution
		Debug|Any CPU = Debug|Any CPU
		Release|Any CPU = Release|Any CPU
	EndGlobalSection
	GlobalSection(ProjectConfigurationPlatforms) = postSolution
		{CCF51C1F-71C1-4439-B846-AAFF41BA493C}.Debug|Any CPU.ActiveCfg = Debug|Any CPU
		{CCF51C1F-71C1-4439-B846-AAFF41BA493C}.Debug|Any CPU.Build.0 = Debug|Any CPU
		{CCF51C1F-71C1-4439-B846-AAFF41BA493C}.Release|Any CPU.ActiveCfg = Release|Any CPU
		{CCF51C1F-71C1-4439-B846-AAFF41BA493C}.Release|Any CPU.Build.0 = Release|Any CPU
	EndGlobalSection
	GlobalSection(SolutionProperties) = preSolution
		HideSolutionNode = FALSE
	EndGlobalSection
	GlobalSection(ExtensibilityGlobals) = postSolution
		SolutionGuid = {1E1E10B5-711C-4FD7-BD80-9A5799BBC9DE}
	EndGlobalSection
EndGlobal
